
Microsoft Visual Studio Solution File, Format Version 12.00
# Visual Studio Version 17
VisualStudioVersion = 17.7.34024.191
MinimumVisualStudioVersion = 10.0.40219.1
Project("{9A19103F-16F7-4668-BE54-9A1E7A4F7556}") = "HungerGamesSimulator", "HungerGamesSimulator\HungerGamesSimulator.csproj", "{77B0E0F6-5E64-4EEA-BB91-7C7132510A7B}"
EndProject
Project("{9A19103F-16F7-4668-BE54-9A1E7A4F7556}") = "HungerGamesTests", "HungerGamesTests\HungerGamesTests.csproj", "{8A89A204-FA13-4A45-AD03-84927C1D32B1}"
EndProject
Global
	GlobalSection(SolutionConfigurationPlatforms) = preSolution
		Debug|Any CPU = Debug|Any CPU
		Release|Any CPU = Release|Any CPU
	EndGlobalSection
	GlobalSection(ProjectConfigurationPlatforms) = postSolution
		{77B0E0F6-5E64-4EEA-BB91-7C7132510A7B}.Debug|Any CPU.ActiveCfg = Debug|Any CPU
		{77B0E0F6-5E64-4EEA-BB91-7C7132510A7B}.Debug|Any CPU.Build.0 = Debug|Any CPU
		{77B0E0F6-5E64-4EEA-BB91-7C7132510A7B}.Release|Any CPU.ActiveCfg = Release|Any CPU
		{77B0E0F6-5E64-4EEA-BB91-7C7132510A7B}.Release|Any CPU.Build.0 = Release|Any CPU
		{8A89A204-FA13-4A45-AD03-84927C1D32B1}.Debug|Any CPU.ActiveCfg = Debug|Any CPU
		{8A89A204-FA13-4A45-AD03-84927C1D32B1}.Debug|Any CPU.Build.0 = Debug|Any CPU
		{8A89A204-FA13-4A45-AD03-84927C1D32B1}.Release|Any CPU.ActiveCfg = Release|Any CPU
		{8A89A204-FA13-4A45-AD03-84927C1D32B1}.Release|Any CPU.Build.0 = Release|Any CPU
	EndGlobalSection
	GlobalSection(SolutionProperties) = preSolution
		HideSolutionNode = FALSE
	EndGlobalSection
	GlobalSection(ExtensibilityGlobals) = postSolution
		SolutionGuid = {51C2B5D5-8F4C-4E0B-BC8D-8E2F62E672B1}
	EndGlobalSection
EndGlobal
